
Microsoft Visual Studio Solution File, Format Version 12.00
# Visual Studio Version 16
VisualStudioVersion = 16.0.30523.141
MinimumVisualStudioVersion = 10.0.40219.1
Project("{FAE04EC0-301F-11D3-BF4B-00C04F79EFBC}") = "QlySV", "QlySV\QlySV.csproj", "{1094D0B4-CA6D-4771-A207-83D2FC0660FB}"
EndProject
Global
	GlobalSection(SolutionConfigurationPlatforms) = preSolution
		Debug|Any CPU = Debug|Any CPU
		Release|Any CPU = Release|Any CPU
	EndGlobalSection
	GlobalSection(ProjectConfigurationPlatforms) = postSolution
		{1094D0B4-CA6D-4771-A207-83D2FC0660FB}.Debug|Any CPU.ActiveCfg = Debug|Any CPU
		{1094D0B4-CA6D-4771-A207-83D2FC0660FB}.Debug|Any CPU.Build.0 = Debug|Any CPU
		{1094D0B4-CA6D-4771-A207-83D2FC0660FB}.Release|Any CPU.ActiveCfg = Release|Any CPU
		{1094D0B4-CA6D-4771-A207-83D2FC0660FB}.Release|Any CPU.Build.0 = Release|Any CPU
	EndGlobalSection
	GlobalSection(SolutionProperties) = preSolution
		HideSolutionNode = FALSE
	EndGlobalSection
	GlobalSection(ExtensibilityGlobals) = postSolution
		SolutionGuid = {E15B9539-AEC3-4C68-A189-E60C4BF4E148}
	EndGlobalSection
EndGlobal
